// !$*UTF8*$!
{
	archiveVersion = 1;
	classes = {
	};
	objectVersion = 46;
	objects = {

/* Begin PBXBuildFile section */
		013BA1C1190CED9C0003C9E2 /* Foundation.framework in Frameworks */ = {isa = PBXBuildFile; fileRef = 013BA1C0190CED9C0003C9E2 /* Foundation.framework */; };
		013BA1C3190CED9C0003C9E2 /* CoreGraphics.framework in Frameworks */ = {isa = PBXBuildFile; fileRef = 013BA1C2190CED9C0003C9E2 /* CoreGraphics.framework */; };
		013BA1C5190CED9C0003C9E2 /* UIKit.framework in Frameworks */ = {isa = PBXBuildFile; fileRef = 013BA1C4190CED9C0003C9E2 /* UIKit.framework */; };
		013BA1CB190CED9C0003C9E2 /* InfoPlist.strings in Resources */ = {isa = PBXBuildFile; fileRef = 013BA1C9190CED9C0003C9E2 /* InfoPlist.strings */; };
		013BA1CD190CED9C0003C9E2 /* main.m in Sources */ = {isa = PBXBuildFile; fileRef = 013BA1CC190CED9C0003C9E2 /* main.m */; };
		013BA1D1190CED9C0003C9E2 /* AppDelegate.m in Sources */ = {isa = PBXBuildFile; fileRef = 013BA1D0190CED9C0003C9E2 /* AppDelegate.m */; };
		013BA1D4190CED9C0003C9E2 /* Main.storyboard in Resources */ = {isa = PBXBuildFile; fileRef = 013BA1D2190CED9C0003C9E2 /* Main.storyboard */; };
		013BA1D7190CED9C0003C9E2 /* CurrentLocationViewController.m in Sources */ = {isa = PBXBuildFile; fileRef = 013BA1D6190CED9C0003C9E2 /* CurrentLocationViewController.m */; };
		013BA1DA190CED9C0003C9E2 /* SecondViewController.m in Sources */ = {isa = PBXBuildFile; fileRef = 013BA1D9190CED9C0003C9E2 /* SecondViewController.m */; };
		013BA1DC190CED9C0003C9E2 /* Images.xcassets in Resources */ = {isa = PBXBuildFile; fileRef = 013BA1DB190CED9C0003C9E2 /* Images.xcassets */; };
		013BA1E3190CED9C0003C9E2 /* XCTest.framework in Frameworks */ = {isa = PBXBuildFile; fileRef = 013BA1E2190CED9C0003C9E2 /* XCTest.framework */; };
		013BA1E4190CED9D0003C9E2 /* Foundation.framework in Frameworks */ = {isa = PBXBuildFile; fileRef = 013BA1C0190CED9C0003C9E2 /* Foundation.framework */; };
		013BA1E5190CED9D0003C9E2 /* UIKit.framework in Frameworks */ = {isa = PBXBuildFile; fileRef = 013BA1C4190CED9C0003C9E2 /* UIKit.framework */; };
		013BA1ED190CED9D0003C9E2 /* InfoPlist.strings in Resources */ = {isa = PBXBuildFile; fileRef = 013BA1EB190CED9D0003C9E2 /* InfoPlist.strings */; };
		013BA1EF190CED9D0003C9E2 /* MyLocationsTests.m in Sources */ = {isa = PBXBuildFile; fileRef = 013BA1EE190CED9D0003C9E2 /* MyLocationsTests.m */; };
		013BA1F9190E3BC10003C9E2 /* CoreLocation.framework in Frameworks */ = {isa = PBXBuildFile; fileRef = 013BA1F8190E3BC10003C9E2 /* CoreLocation.framework */; };
		0153D331192EF7C6000841FB /* CategoryPickerViewController.m in Sources */ = {isa = PBXBuildFile; fileRef = 0153D330192EF7C6000841FB /* CategoryPickerViewController.m */; };
		01BC4852191F970000B08D7D /* LocationDetailsViewController.m in Sources */ = {isa = PBXBuildFile; fileRef = 01BC4851191F970000B08D7D /* LocationDetailsViewController.m */; };
		01CE8213199112D800A6617E /* FLEXArgumentInputColorView.m in Sources */ = {isa = PBXBuildFile; fileRef = 01CE81AC199112D800A6617E /* FLEXArgumentInputColorView.m */; };
		01CE8214199112D800A6617E /* FLEXArgumentInputFontsPickerView.m in Sources */ = {isa = PBXBuildFile; fileRef = 01CE81AE199112D800A6617E /* FLEXArgumentInputFontsPickerView.m */; };
		01CE8215199112D800A6617E /* FLEXArgumentInputFontView.m in Sources */ = {isa = PBXBuildFile; fileRef = 01CE81B0199112D800A6617E /* FLEXArgumentInputFontView.m */; };
		01CE8216199112D800A6617E /* FLEXArgumentInputJSONObjectView.m in Sources */ = {isa = PBXBuildFile; fileRef = 01CE81B2199112D800A6617E /* FLEXArgumentInputJSONObjectView.m */; };
		01CE8217199112D800A6617E /* FLEXArgumentInputNotSupportedView.m in Sources */ = {isa = PBXBuildFile; fileRef = 01CE81B4199112D800A6617E /* FLEXArgumentInputNotSupportedView.m */; };
		01CE8218199112D800A6617E /* FLEXArgumentInputNumberView.m in Sources */ = {isa = PBXBuildFile; fileRef = 01CE81B6199112D800A6617E /* FLEXArgumentInputNumberView.m */; };
		01CE8219199112D800A6617E /* FLEXArgumentInputStringView.m in Sources */ = {isa = PBXBuildFile; fileRef = 01CE81B8199112D800A6617E /* FLEXArgumentInputStringView.m */; };
		01CE821A199112D800A6617E /* FLEXArgumentInputStructView.m in Sources */ = {isa = PBXBuildFile; fileRef = 01CE81BA199112D800A6617E /* FLEXArgumentInputStructView.m */; };
		01CE821B199112D800A6617E /* FLEXArgumentInputSwitchView.m in Sources */ = {isa = PBXBuildFile; fileRef = 01CE81BC199112D800A6617E /* FLEXArgumentInputSwitchView.m */; };
		01CE821C199112D800A6617E /* FLEXArgumentInputTextView.m in Sources */ = {isa = PBXBuildFile; fileRef = 01CE81BE199112D800A6617E /* FLEXArgumentInputTextView.m */; };
		01CE821D199112D800A6617E /* FLEXArgumentInputView.m in Sources */ = {isa = PBXBuildFile; fileRef = 01CE81C0199112D800A6617E /* FLEXArgumentInputView.m */; };
		01CE821E199112D800A6617E /* FLEXArgumentInputViewFactory.m in Sources */ = {isa = PBXBuildFile; fileRef = 01CE81C2199112D800A6617E /* FLEXArgumentInputViewFactory.m */; };
		01CE821F199112D800A6617E /* FLEXDefaultEditorViewController.m in Sources */ = {isa = PBXBuildFile; fileRef = 01CE81C4199112D800A6617E /* FLEXDefaultEditorViewController.m */; };
		01CE8220199112D800A6617E /* FLEXFieldEditorView.m in Sources */ = {isa = PBXBuildFile; fileRef = 01CE81C6199112D800A6617E /* FLEXFieldEditorView.m */; };
		01CE8221199112D800A6617E /* FLEXFieldEditorViewController.m in Sources */ = {isa = PBXBuildFile; fileRef = 01CE81C8199112D800A6617E /* FLEXFieldEditorViewController.m */; };
		01CE8222199112D800A6617E /* FLEXIvarEditorViewController.m in Sources */ = {isa = PBXBuildFile; fileRef = 01CE81CA199112D800A6617E /* FLEXIvarEditorViewController.m */; };
		01CE8223199112D800A6617E /* FLEXMethodCallingViewController.m in Sources */ = {isa = PBXBuildFile; fileRef = 01CE81CC199112D800A6617E /* FLEXMethodCallingViewController.m */; };
		01CE8224199112D800A6617E /* FLEXPropertyEditorViewController.m in Sources */ = {isa = PBXBuildFile; fileRef = 01CE81CE199112D800A6617E /* FLEXPropertyEditorViewController.m */; };
		01CE8225199112D800A6617E /* FLEXExplorerToolbar.m in Sources */ = {isa = PBXBuildFile; fileRef = 01CE81D1199112D800A6617E /* FLEXExplorerToolbar.m */; };
		01CE8226199112D800A6617E /* FLEXExplorerViewController.m in Sources */ = {isa = PBXBuildFile; fileRef = 01CE81D3199112D800A6617E /* FLEXExplorerViewController.m */; };
		01CE8227199112D800A6617E /* FLEXManager.m in Sources */ = {isa = PBXBuildFile; fileRef = 01CE81D6199112D800A6617E /* FLEXManager.m */; };
		01CE8228199112D800A6617E /* FLEXToolbarItem.m in Sources */ = {isa = PBXBuildFile; fileRef = 01CE81D8199112D800A6617E /* FLEXToolbarItem.m */; };
		01CE8229199112D800A6617E /* FLEXWindow.m in Sources */ = {isa = PBXBuildFile; fileRef = 01CE81DA199112D800A6617E /* FLEXWindow.m */; };
		01CE822A199112D800A6617E /* FLEXClassesTableViewController.m in Sources */ = {isa = PBXBuildFile; fileRef = 01CE81DD199112D800A6617E /* FLEXClassesTableViewController.m */; };
		01CE822B199112D800A6617E /* FLEXFileBrowserTableViewController.m in Sources */ = {isa = PBXBuildFile; fileRef = 01CE81DF199112D800A6617E /* FLEXFileBrowserTableViewController.m */; };
		01CE822C199112D800A6617E /* FLEXGlobalsTableViewController.m in Sources */ = {isa = PBXBuildFile; fileRef = 01CE81E1199112D800A6617E /* FLEXGlobalsTableViewController.m */; };
		01CE822D199112D800A6617E /* FLEXInstancesTableViewController.m in Sources */ = {isa = PBXBuildFile; fileRef = 01CE81E3199112D800A6617E /* FLEXInstancesTableViewController.m */; };
		01CE822E199112D800A6617E /* FLEXLibrariesTableViewController.m in Sources */ = {isa = PBXBuildFile; fileRef = 01CE81E5199112D800A6617E /* FLEXLibrariesTableViewController.m */; };
		01CE822F199112D800A6617E /* FLEXLiveObjectsTableViewController.m in Sources */ = {isa = PBXBuildFile; fileRef = 01CE81E7199112D800A6617E /* FLEXLiveObjectsTableViewController.m */; };
		01CE8230199112D800A6617E /* FLEXWebViewController.m in Sources */ = {isa = PBXBuildFile; fileRef = 01CE81E9199112D800A6617E /* FLEXWebViewController.m */; };
		01CE8231199112D800A6617E /* FLEXArrayExplorerViewController.m in Sources */ = {isa = PBXBuildFile; fileRef = 01CE81EC199112D800A6617E /* FLEXArrayExplorerViewController.m */; };
		01CE8232199112D800A6617E /* FLEXClassExplorerViewController.m in Sources */ = {isa = PBXBuildFile; fileRef = 01CE81EE199112D800A6617E /* FLEXClassExplorerViewController.m */; };
		01CE8233199112D800A6617E /* FLEXDefaultsExplorerViewController.m in Sources */ = {isa = PBXBuildFile; fileRef = 01CE81F0199112D800A6617E /* FLEXDefaultsExplorerViewController.m */; };
		01CE8234199112D800A6617E /* FLEXDescriptionTableViewCell.m in Sources */ = {isa = PBXBuildFile; fileRef = 01CE81F2199112D800A6617E /* FLEXDescriptionTableViewCell.m */; };
		01CE8235199112D800A6617E /* FLEXDictionaryExplorerViewController.m in Sources */ = {isa = PBXBuildFile; fileRef = 01CE81F4199112D800A6617E /* FLEXDictionaryExplorerViewController.m */; };
		01CE8236199112D800A6617E /* FLEXGlobalsTableViewControllerEntry.m in Sources */ = {isa = PBXBuildFile; fileRef = 01CE81F6199112D800A6617E /* FLEXGlobalsTableViewControllerEntry.m */; };
		01CE8237199112D800A6617E /* FLEXImageExplorerViewController.m in Sources */ = {isa = PBXBuildFile; fileRef = 01CE81F8199112D800A6617E /* FLEXImageExplorerViewController.m */; };
		01CE8238199112D800A6617E /* FLEXObjectExplorerFactory.m in Sources */ = {isa = PBXBuildFile; fileRef = 01CE81FA199112D800A6617E /* FLEXObjectExplorerFactory.m */; };
		01CE8239199112D800A6617E /* FLEXObjectExplorerViewController.m in Sources */ = {isa = PBXBuildFile; fileRef = 01CE81FC199112D800A6617E /* FLEXObjectExplorerViewController.m */; };
		01CE823A199112D800A6617E /* FLEXSetExplorerViewController.m in Sources */ = {isa = PBXBuildFile; fileRef = 01CE81FE199112D800A6617E /* FLEXSetExplorerViewController.m */; };
		01CE823B199112D800A6617E /* FLEXViewControllerExplorerViewController.m in Sources */ = {isa = PBXBuildFile; fileRef = 01CE8200199112D800A6617E /* FLEXViewControllerExplorerViewController.m */; };
		01CE823C199112D800A6617E /* FLEXViewExplorerViewController.m in Sources */ = {isa = PBXBuildFile; fileRef = 01CE8202199112D800A6617E /* FLEXViewExplorerViewController.m */; };
		01CE823D199112D800A6617E /* FLEXHeapEnumerator.m in Sources */ = {isa = PBXBuildFile; fileRef = 01CE8205199112D800A6617E /* FLEXHeapEnumerator.m */; };
		01CE823E199112D800A6617E /* FLEXResources.m in Sources */ = {isa = PBXBuildFile; fileRef = 01CE8207199112D800A6617E /* FLEXResources.m */; };
		01CE823F199112D800A6617E /* FLEXRuntimeUtility.m in Sources */ = {isa = PBXBuildFile; fileRef = 01CE8209199112D800A6617E /* FLEXRuntimeUtility.m */; };
		01CE8240199112D800A6617E /* FLEXUtility.m in Sources */ = {isa = PBXBuildFile; fileRef = 01CE820B199112D800A6617E /* FLEXUtility.m */; };
		01CE8241199112D800A6617E /* FLEXHierarchyTableViewCell.m in Sources */ = {isa = PBXBuildFile; fileRef = 01CE820E199112D800A6617E /* FLEXHierarchyTableViewCell.m */; };
		01CE8242199112D800A6617E /* FLEXHierarchyTableViewController.m in Sources */ = {isa = PBXBuildFile; fileRef = 01CE8210199112D800A6617E /* FLEXHierarchyTableViewController.m */; };
		01CE8243199112D800A6617E /* FLEXImagePreviewViewController.m in Sources */ = {isa = PBXBuildFile; fileRef = 01CE8212199112D800A6617E /* FLEXImagePreviewViewController.m */; };
		01D0B59919AB7A00003D6E98 /* Location.m in Sources */ = {isa = PBXBuildFile; fileRef = 01D0B59819AB7A00003D6E98 /* Location.m */; };
		01F018FC1976C1CB002B8314 /* HudView.m in Sources */ = {isa = PBXBuildFile; fileRef = 01F018FB1976C1CB002B8314 /* HudView.m */; };
		01F8FE1219A242C700FB231B /* CoreData.framework in Frameworks */ = {isa = PBXBuildFile; fileRef = 01F8FE1119A242C700FB231B /* CoreData.framework */; };
		01F8FE1519A243F000FB231B /* DataModel.xcdatamodeld in Sources */ = {isa = PBXBuildFile; fileRef = 01F8FE1319A243F000FB231B /* DataModel.xcdatamodeld */; };
/* End PBXBuildFile section */

/* Begin PBXContainerItemProxy section */
		013BA1E6190CED9D0003C9E2 /* PBXContainerItemProxy */ = {
			isa = PBXContainerItemProxy;
			containerPortal = 013BA1B5190CED9C0003C9E2 /* Project object */;
			proxyType = 1;
			remoteGlobalIDString = 013BA1BC190CED9C0003C9E2;
			remoteInfo = MyLocations;
		};
/* End PBXContainerItemProxy section */

/* Begin PBXFileReference section */
		013BA1BD190CED9C0003C9E2 /* MyLocations.app */ = {isa = PBXFileReference; explicitFileType = wrapper.application; includeInIndex = 0; path = MyLocations.app; sourceTree = BUILT_PRODUCTS_DIR; };
		013BA1C0190CED9C0003C9E2 /* Foundation.framework */ = {isa = PBXFileReference; lastKnownFileType = wrapper.framework; name = Foundation.framework; path = System/Library/Frameworks/Foundation.framework; sourceTree = SDKROOT; };
		013BA1C2190CED9C0003C9E2 /* CoreGraphics.framework */ = {isa = PBXFileReference; lastKnownFileType = wrapper.framework; name = CoreGraphics.framework; path = System/Library/Frameworks/CoreGraphics.framework; sourceTree = SDKROOT; };
		013BA1C4190CED9C0003C9E2 /* UIKit.framework */ = {isa = PBXFileReference; lastKnownFileType = wrapper.framework; name = UIKit.framework; path = System/Library/Frameworks/UIKit.framework; sourceTree = SDKROOT; };
		013BA1C8190CED9C0003C9E2 /* MyLocations-Info.plist */ = {isa = PBXFileReference; lastKnownFileType = text.plist.xml; path = "MyLocations-Info.plist"; sourceTree = "<group>"; };
		013BA1CA190CED9C0003C9E2 /* en */ = {isa = PBXFileReference; lastKnownFileType = text.plist.strings; name = en; path = en.lproj/InfoPlist.strings; sourceTree = "<group>"; };
		013BA1CC190CED9C0003C9E2 /* main.m */ = {isa = PBXFileReference; lastKnownFileType = sourcecode.c.objc; path = main.m; sourceTree = "<group>"; };
		013BA1CE190CED9C0003C9E2 /* MyLocations-Prefix.pch */ = {isa = PBXFileReference; lastKnownFileType = sourcecode.c.h; path = "MyLocations-Prefix.pch"; sourceTree = "<group>"; };
		013BA1CF190CED9C0003C9E2 /* AppDelegate.h */ = {isa = PBXFileReference; lastKnownFileType = sourcecode.c.h; path = AppDelegate.h; sourceTree = "<group>"; };
		013BA1D0190CED9C0003C9E2 /* AppDelegate.m */ = {isa = PBXFileReference; lastKnownFileType = sourcecode.c.objc; path = AppDelegate.m; sourceTree = "<group>"; };
		013BA1D3190CED9C0003C9E2 /* Base */ = {isa = PBXFileReference; lastKnownFileType = file.storyboard; name = Base; path = Base.lproj/Main.storyboard; sourceTree = "<group>"; };
		013BA1D5190CED9C0003C9E2 /* CurrentLocationViewController.h */ = {isa = PBXFileReference; lastKnownFileType = sourcecode.c.h; path = CurrentLocationViewController.h; sourceTree = "<group>"; };
		013BA1D6190CED9C0003C9E2 /* CurrentLocationViewController.m */ = {isa = PBXFileReference; lastKnownFileType = sourcecode.c.objc; path = CurrentLocationViewController.m; sourceTree = "<group>"; };
		013BA1D8190CED9C0003C9E2 /* SecondViewController.h */ = {isa = PBXFileReference; lastKnownFileType = sourcecode.c.h; path = SecondViewController.h; sourceTree = "<group>"; };
		013BA1D9190CED9C0003C9E2 /* SecondViewController.m */ = {isa = PBXFileReference; lastKnownFileType = sourcecode.c.objc; path = SecondViewController.m; sourceTree = "<group>"; };
		013BA1DB190CED9C0003C9E2 /* Images.xcassets */ = {isa = PBXFileReference; lastKnownFileType = folder.assetcatalog; path = Images.xcassets; sourceTree = "<group>"; };
		013BA1E1190CED9C0003C9E2 /* MyLocationsTests.xctest */ = {isa = PBXFileReference; explicitFileType = wrapper.cfbundle; includeInIndex = 0; path = MyLocationsTests.xctest; sourceTree = BUILT_PRODUCTS_DIR; };
		013BA1E2190CED9C0003C9E2 /* XCTest.framework */ = {isa = PBXFileReference; lastKnownFileType = wrapper.framework; name = XCTest.framework; path = Library/Frameworks/XCTest.framework; sourceTree = DEVELOPER_DIR; };
		013BA1EA190CED9D0003C9E2 /* MyLocationsTests-Info.plist */ = {isa = PBXFileReference; lastKnownFileType = text.plist.xml; path = "MyLocationsTests-Info.plist"; sourceTree = "<group>"; };
		013BA1EC190CED9D0003C9E2 /* en */ = {isa = PBXFileReference; lastKnownFileType = text.plist.strings; name = en; path = en.lproj/InfoPlist.strings; sourceTree = "<group>"; };
		013BA1EE190CED9D0003C9E2 /* MyLocationsTests.m */ = {isa = PBXFileReference; lastKnownFileType = sourcecode.c.objc; path = MyLocationsTests.m; sourceTree = "<group>"; };
		013BA1F8190E3BC10003C9E2 /* CoreLocation.framework */ = {isa = PBXFileReference; lastKnownFileType = wrapper.framework; name = CoreLocation.framework; path = System/Library/Frameworks/CoreLocation.framework; sourceTree = SDKROOT; };
		0153D32F192EF7C6000841FB /* CategoryPickerViewController.h */ = {isa = PBXFileReference; fileEncoding = 4; lastKnownFileType = sourcecode.c.h; name = CategoryPickerViewController.h; path = ../CategoryPickerViewController.h; sourceTree = "<group>"; };
		0153D330192EF7C6000841FB /* CategoryPickerViewController.m */ = {isa = PBXFileReference; fileEncoding = 4; lastKnownFileType = sourcecode.c.objc; name = CategoryPickerViewController.m; path = ../CategoryPickerViewController.m; sourceTree = "<group>"; };
		01BC4850191F970000B08D7D /* LocationDetailsViewController.h */ = {isa = PBXFileReference; fileEncoding = 4; lastKnownFileType = sourcecode.c.h; path = LocationDetailsViewController.h; sourceTree = "<group>"; };
		01BC4851191F970000B08D7D /* LocationDetailsViewController.m */ = {isa = PBXFileReference; fileEncoding = 4; lastKnownFileType = sourcecode.c.objc; path = LocationDetailsViewController.m; sourceTree = "<group>"; };
		01CE81AB199112D800A6617E /* FLEXArgumentInputColorView.h */ = {isa = PBXFileReference; fileEncoding = 4; lastKnownFileType = sourcecode.c.h; path = FLEXArgumentInputColorView.h; sourceTree = "<group>"; };
		01CE81AC199112D800A6617E /* FLEXArgumentInputColorView.m */ = {isa = PBXFileReference; fileEncoding = 4; lastKnownFileType = sourcecode.c.objc; path = FLEXArgumentInputColorView.m; sourceTree = "<group>"; };
		01CE81AD199112D800A6617E /* FLEXArgumentInputFontsPickerView.h */ = {isa = PBXFileReference; fileEncoding = 4; lastKnownFileType = sourcecode.c.h; path = FLEXArgumentInputFontsPickerView.h; sourceTree = "<group>"; };
		01CE81AE199112D800A6617E /* FLEXArgumentInputFontsPickerView.m */ = {isa = PBXFileReference; fileEncoding = 4; lastKnownFileType = sourcecode.c.objc; path = FLEXArgumentInputFontsPickerView.m; sourceTree = "<group>"; };
		01CE81AF199112D800A6617E /* FLEXArgumentInputFontView.h */ = {isa = PBXFileReference; fileEncoding = 4; lastKnownFileType = sourcecode.c.h; path = FLEXArgumentInputFontView.h; sourceTree = "<group>"; };
		01CE81B0199112D800A6617E /* FLEXArgumentInputFontView.m */ = {isa = PBXFileReference; fileEncoding = 4; lastKnownFileType = sourcecode.c.objc; path = FLEXArgumentInputFontView.m; sourceTree = "<group>"; };
		01CE81B1199112D800A6617E /* FLEXArgumentInputJSONObjectView.h */ = {isa = PBXFileReference; fileEncoding = 4; lastKnownFileType = sourcecode.c.h; path = FLEXArgumentInputJSONObjectView.h; sourceTree = "<group>"; };
		01CE81B2199112D800A6617E /* FLEXArgumentInputJSONObjectView.m */ = {isa = PBXFileReference; fileEncoding = 4; lastKnownFileType = sourcecode.c.objc; path = FLEXArgumentInputJSONObjectView.m; sourceTree = "<group>"; };
		01CE81B3199112D800A6617E /* FLEXArgumentInputNotSupportedView.h */ = {isa = PBXFileReference; fileEncoding = 4; lastKnownFileType = sourcecode.c.h; path = FLEXArgumentInputNotSupportedView.h; sourceTree = "<group>"; };
		01CE81B4199112D800A6617E /* FLEXArgumentInputNotSupportedView.m */ = {isa = PBXFileReference; fileEncoding = 4; lastKnownFileType = sourcecode.c.objc; path = FLEXArgumentInputNotSupportedView.m; sourceTree = "<group>"; };
		01CE81B5199112D800A6617E /* FLEXArgumentInputNumberView.h */ = {isa = PBXFileReference; fileEncoding = 4; lastKnownFileType = sourcecode.c.h; path = FLEXArgumentInputNumberView.h; sourceTree = "<group>"; };
		01CE81B6199112D800A6617E /* FLEXArgumentInputNumberView.m */ = {isa = PBXFileReference; fileEncoding = 4; lastKnownFileType = sourcecode.c.objc; path = FLEXArgumentInputNumberView.m; sourceTree = "<group>"; };
		01CE81B7199112D800A6617E /* FLEXArgumentInputStringView.h */ = {isa = PBXFileReference; fileEncoding = 4; lastKnownFileType = sourcecode.c.h; path = FLEXArgumentInputStringView.h; sourceTree = "<group>"; };
		01CE81B8199112D800A6617E /* FLEXArgumentInputStringView.m */ = {isa = PBXFileReference; fileEncoding = 4; lastKnownFileType = sourcecode.c.objc; path = FLEXArgumentInputStringView.m; sourceTree = "<group>"; };
		01CE81B9199112D800A6617E /* FLEXArgumentInputStructView.h */ = {isa = PBXFileReference; fileEncoding = 4; lastKnownFileType = sourcecode.c.h; path = FLEXArgumentInputStructView.h; sourceTree = "<group>"; };
		01CE81BA199112D800A6617E /* FLEXArgumentInputStructView.m */ = {isa = PBXFileReference; fileEncoding = 4; lastKnownFileType = sourcecode.c.objc; path = FLEXArgumentInputStructView.m; sourceTree = "<group>"; };
		01CE81BB199112D800A6617E /* FLEXArgumentInputSwitchView.h */ = {isa = PBXFileReference; fileEncoding = 4; lastKnownFileType = sourcecode.c.h; path = FLEXArgumentInputSwitchView.h; sourceTree = "<group>"; };
		01CE81BC199112D800A6617E /* FLEXArgumentInputSwitchView.m */ = {isa = PBXFileReference; fileEncoding = 4; lastKnownFileType = sourcecode.c.objc; path = FLEXArgumentInputSwitchView.m; sourceTree = "<group>"; };
		01CE81BD199112D800A6617E /* FLEXArgumentInputTextView.h */ = {isa = PBXFileReference; fileEncoding = 4; lastKnownFileType = sourcecode.c.h; path = FLEXArgumentInputTextView.h; sourceTree = "<group>"; };
		01CE81BE199112D800A6617E /* FLEXArgumentInputTextView.m */ = {isa = PBXFileReference; fileEncoding = 4; lastKnownFileType = sourcecode.c.objc; path = FLEXArgumentInputTextView.m; sourceTree = "<group>"; };
		01CE81BF199112D800A6617E /* FLEXArgumentInputView.h */ = {isa = PBXFileReference; fileEncoding = 4; lastKnownFileType = sourcecode.c.h; path = FLEXArgumentInputView.h; sourceTree = "<group>"; };
		01CE81C0199112D800A6617E /* FLEXArgumentInputView.m */ = {isa = PBXFileReference; fileEncoding = 4; lastKnownFileType = sourcecode.c.objc; path = FLEXArgumentInputView.m; sourceTree = "<group>"; };
		01CE81C1199112D800A6617E /* FLEXArgumentInputViewFactory.h */ = {isa = PBXFileReference; fileEncoding = 4; lastKnownFileType = sourcecode.c.h; path = FLEXArgumentInputViewFactory.h; sourceTree = "<group>"; };
		01CE81C2199112D800A6617E /* FLEXArgumentInputViewFactory.m */ = {isa = PBXFileReference; fileEncoding = 4; lastKnownFileType = sourcecode.c.objc; path = FLEXArgumentInputViewFactory.m; sourceTree = "<group>"; };
		01CE81C3199112D800A6617E /* FLEXDefaultEditorViewController.h */ = {isa = PBXFileReference; fileEncoding = 4; lastKnownFileType = sourcecode.c.h; path = FLEXDefaultEditorViewController.h; sourceTree = "<group>"; };
		01CE81C4199112D800A6617E /* FLEXDefaultEditorViewController.m */ = {isa = PBXFileReference; fileEncoding = 4; lastKnownFileType = sourcecode.c.objc; path = FLEXDefaultEditorViewController.m; sourceTree = "<group>"; };
		01CE81C5199112D800A6617E /* FLEXFieldEditorView.h */ = {isa = PBXFileReference; fileEncoding = 4; lastKnownFileType = sourcecode.c.h; path = FLEXFieldEditorView.h; sourceTree = "<group>"; };
		01CE81C6199112D800A6617E /* FLEXFieldEditorView.m */ = {isa = PBXFileReference; fileEncoding = 4; lastKnownFileType = sourcecode.c.objc; path = FLEXFieldEditorView.m; sourceTree = "<group>"; };
		01CE81C7199112D800A6617E /* FLEXFieldEditorViewController.h */ = {isa = PBXFileReference; fileEncoding = 4; lastKnownFileType = sourcecode.c.h; path = FLEXFieldEditorViewController.h; sourceTree = "<group>"; };
		01CE81C8199112D800A6617E /* FLEXFieldEditorViewController.m */ = {isa = PBXFileReference; fileEncoding = 4; lastKnownFileType = sourcecode.c.objc; path = FLEXFieldEditorViewController.m; sourceTree = "<group>"; };
		01CE81C9199112D800A6617E /* FLEXIvarEditorViewController.h */ = {isa = PBXFileReference; fileEncoding = 4; lastKnownFileType = sourcecode.c.h; path = FLEXIvarEditorViewController.h; sourceTree = "<group>"; };
		01CE81CA199112D800A6617E /* FLEXIvarEditorViewController.m */ = {isa = PBXFileReference; fileEncoding = 4; lastKnownFileType = sourcecode.c.objc; path = FLEXIvarEditorViewController.m; sourceTree = "<group>"; };
		01CE81CB199112D800A6617E /* FLEXMethodCallingViewController.h */ = {isa = PBXFileReference; fileEncoding = 4; lastKnownFileType = sourcecode.c.h; path = FLEXMethodCallingViewController.h; sourceTree = "<group>"; };
		01CE81CC199112D800A6617E /* FLEXMethodCallingViewController.m */ = {isa = PBXFileReference; fileEncoding = 4; lastKnownFileType = sourcecode.c.objc; path = FLEXMethodCallingViewController.m; sourceTree = "<group>"; };
		01CE81CD199112D800A6617E /* FLEXPropertyEditorViewController.h */ = {isa = PBXFileReference; fileEncoding = 4; lastKnownFileType = sourcecode.c.h; path = FLEXPropertyEditorViewController.h; sourceTree = "<group>"; };
		01CE81CE199112D800A6617E /* FLEXPropertyEditorViewController.m */ = {isa = PBXFileReference; fileEncoding = 4; lastKnownFileType = sourcecode.c.objc; path = FLEXPropertyEditorViewController.m; sourceTree = "<group>"; };
		01CE81D0199112D800A6617E /* FLEXExplorerToolbar.h */ = {isa = PBXFileReference; fileEncoding = 4; lastKnownFileType = sourcecode.c.h; path = FLEXExplorerToolbar.h; sourceTree = "<group>"; };
		01CE81D1199112D800A6617E /* FLEXExplorerToolbar.m */ = {isa = PBXFileReference; fileEncoding = 4; lastKnownFileType = sourcecode.c.objc; path = FLEXExplorerToolbar.m; sourceTree = "<group>"; };
		01CE81D2199112D800A6617E /* FLEXExplorerViewController.h */ = {isa = PBXFileReference; fileEncoding = 4; lastKnownFileType = sourcecode.c.h; path = FLEXExplorerViewController.h; sourceTree = "<group>"; };
		01CE81D3199112D800A6617E /* FLEXExplorerViewController.m */ = {isa = PBXFileReference; fileEncoding = 4; lastKnownFileType = sourcecode.c.objc; path = FLEXExplorerViewController.m; sourceTree = "<group>"; };
		01CE81D4199112D800A6617E /* FLEXManager+Private.h */ = {isa = PBXFileReference; fileEncoding = 4; lastKnownFileType = sourcecode.c.h; path = "FLEXManager+Private.h"; sourceTree = "<group>"; };
		01CE81D5199112D800A6617E /* FLEXManager.h */ = {isa = PBXFileReference; fileEncoding = 4; lastKnownFileType = sourcecode.c.h; path = FLEXManager.h; sourceTree = "<group>"; };
		01CE81D6199112D800A6617E /* FLEXManager.m */ = {isa = PBXFileReference; fileEncoding = 4; lastKnownFileType = sourcecode.c.objc; path = FLEXManager.m; sourceTree = "<group>"; };
		01CE81D7199112D800A6617E /* FLEXToolbarItem.h */ = {isa = PBXFileReference; fileEncoding = 4; lastKnownFileType = sourcecode.c.h; path = FLEXToolbarItem.h; sourceTree = "<group>"; };
		01CE81D8199112D800A6617E /* FLEXToolbarItem.m */ = {isa = PBXFileReference; fileEncoding = 4; lastKnownFileType = sourcecode.c.objc; path = FLEXToolbarItem.m; sourceTree = "<group>"; };
		01CE81D9199112D800A6617E /* FLEXWindow.h */ = {isa = PBXFileReference; fileEncoding = 4; lastKnownFileType = sourcecode.c.h; path = FLEXWindow.h; sourceTree = "<group>"; };
		01CE81DA199112D800A6617E /* FLEXWindow.m */ = {isa = PBXFileReference; fileEncoding = 4; lastKnownFileType = sourcecode.c.objc; path = FLEXWindow.m; sourceTree = "<group>"; };
		01CE81DC199112D800A6617E /* FLEXClassesTableViewController.h */ = {isa = PBXFileReference; fileEncoding = 4; lastKnownFileType = sourcecode.c.h; path = FLEXClassesTableViewController.h; sourceTree = "<group>"; };
		01CE81DD199112D800A6617E /* FLEXClassesTableViewController.m */ = {isa = PBXFileReference; fileEncoding = 4; lastKnownFileType = sourcecode.c.objc; path = FLEXClassesTableViewController.m; sourceTree = "<group>"; };
		01CE81DE199112D800A6617E /* FLEXFileBrowserTableViewController.h */ = {isa = PBXFileReference; fileEncoding = 4; lastKnownFileType = sourcecode.c.h; path = FLEXFileBrowserTableViewController.h; sourceTree = "<group>"; };
		01CE81DF199112D800A6617E /* FLEXFileBrowserTableViewController.m */ = {isa = PBXFileReference; fileEncoding = 4; lastKnownFileType = sourcecode.c.objc; path = FLEXFileBrowserTableViewController.m; sourceTree = "<group>"; };
		01CE81E0199112D800A6617E /* FLEXGlobalsTableViewController.h */ = {isa = PBXFileReference; fileEncoding = 4; lastKnownFileType = sourcecode.c.h; path = FLEXGlobalsTableViewController.h; sourceTree = "<group>"; };
		01CE81E1199112D800A6617E /* FLEXGlobalsTableViewController.m */ = {isa = PBXFileReference; fileEncoding = 4; lastKnownFileType = sourcecode.c.objc; path = FLEXGlobalsTableViewController.m; sourceTree = "<group>"; };
		01CE81E2199112D800A6617E /* FLEXInstancesTableViewController.h */ = {isa = PBXFileReference; fileEncoding = 4; lastKnownFileType = sourcecode.c.h; path = FLEXInstancesTableViewController.h; sourceTree = "<group>"; };
		01CE81E3199112D800A6617E /* FLEXInstancesTableViewController.m */ = {isa = PBXFileReference; fileEncoding = 4; lastKnownFileType = sourcecode.c.objc; path = FLEXInstancesTableViewController.m; sourceTree = "<group>"; };
		01CE81E4199112D800A6617E /* FLEXLibrariesTableViewController.h */ = {isa = PBXFileReference; fileEncoding = 4; lastKnownFileType = sourcecode.c.h; path = FLEXLibrariesTableViewController.h; sourceTree = "<group>"; };
		01CE81E5199112D800A6617E /* FLEXLibrariesTableViewController.m */ = {isa = PBXFileReference; fileEncoding = 4; lastKnownFileType = sourcecode.c.objc; path = FLEXLibrariesTableViewController.m; sourceTree = "<group>"; };
		01CE81E6199112D800A6617E /* FLEXLiveObjectsTableViewController.h */ = {isa = PBXFileReference; fileEncoding = 4; lastKnownFileType = sourcecode.c.h; path = FLEXLiveObjectsTableViewController.h; sourceTree = "<group>"; };
		01CE81E7199112D800A6617E /* FLEXLiveObjectsTableViewController.m */ = {isa = PBXFileReference; fileEncoding = 4; lastKnownFileType = sourcecode.c.objc; path = FLEXLiveObjectsTableViewController.m; sourceTree = "<group>"; };
		01CE81E8199112D800A6617E /* FLEXWebViewController.h */ = {isa = PBXFileReference; fileEncoding = 4; lastKnownFileType = sourcecode.c.h; path = FLEXWebViewController.h; sourceTree = "<group>"; };
		01CE81E9199112D800A6617E /* FLEXWebViewController.m */ = {isa = PBXFileReference; fileEncoding = 4; lastKnownFileType = sourcecode.c.objc; path = FLEXWebViewController.m; sourceTree = "<group>"; };
		01CE81EB199112D800A6617E /* FLEXArrayExplorerViewController.h */ = {isa = PBXFileReference; fileEncoding = 4; lastKnownFileType = sourcecode.c.h; path = FLEXArrayExplorerViewController.h; sourceTree = "<group>"; };
		01CE81EC199112D800A6617E /* FLEXArrayExplorerViewController.m */ = {isa = PBXFileReference; fileEncoding = 4; lastKnownFileType = sourcecode.c.objc; path = FLEXArrayExplorerViewController.m; sourceTree = "<group>"; };
		01CE81ED199112D800A6617E /* FLEXClassExplorerViewController.h */ = {isa = PBXFileReference; fileEncoding = 4; lastKnownFileType = sourcecode.c.h; path = FLEXClassExplorerViewController.h; sourceTree = "<group>"; };
		01CE81EE199112D800A6617E /* FLEXClassExplorerViewController.m */ = {isa = PBXFileReference; fileEncoding = 4; lastKnownFileType = sourcecode.c.objc; path = FLEXClassExplorerViewController.m; sourceTree = "<group>"; };
		01CE81EF199112D800A6617E /* FLEXDefaultsExplorerViewController.h */ = {isa = PBXFileReference; fileEncoding = 4; lastKnownFileType = sourcecode.c.h; path = FLEXDefaultsExplorerViewController.h; sourceTree = "<group>"; };
		01CE81F0199112D800A6617E /* FLEXDefaultsExplorerViewController.m */ = {isa = PBXFileReference; fileEncoding = 4; lastKnownFileType = sourcecode.c.objc; path = FLEXDefaultsExplorerViewController.m; sourceTree = "<group>"; };
		01CE81F1199112D800A6617E /* FLEXDescriptionTableViewCell.h */ = {isa = PBXFileReference; fileEncoding = 4; lastKnownFileType = sourcecode.c.h; path = FLEXDescriptionTableViewCell.h; sourceTree = "<group>"; };
		01CE81F2199112D800A6617E /* FLEXDescriptionTableViewCell.m */ = {isa = PBXFileReference; fileEncoding = 4; lastKnownFileType = sourcecode.c.objc; path = FLEXDescriptionTableViewCell.m; sourceTree = "<group>"; };
		01CE81F3199112D800A6617E /* FLEXDictionaryExplorerViewController.h */ = {isa = PBXFileReference; fileEncoding = 4; lastKnownFileType = sourcecode.c.h; path = FLEXDictionaryExplorerViewController.h; sourceTree = "<group>"; };
		01CE81F4199112D800A6617E /* FLEXDictionaryExplorerViewController.m */ = {isa = PBXFileReference; fileEncoding = 4; lastKnownFileType = sourcecode.c.objc; path = FLEXDictionaryExplorerViewController.m; sourceTree = "<group>"; };
		01CE81F5199112D800A6617E /* FLEXGlobalsTableViewControllerEntry.h */ = {isa = PBXFileReference; fileEncoding = 4; lastKnownFileType = sourcecode.c.h; path = FLEXGlobalsTableViewControllerEntry.h; sourceTree = "<group>"; };
		01CE81F6199112D800A6617E /* FLEXGlobalsTableViewControllerEntry.m */ = {isa = PBXFileReference; fileEncoding = 4; lastKnownFileType = sourcecode.c.objc; path = FLEXGlobalsTableViewControllerEntry.m; sourceTree = "<group>"; };
		01CE81F7199112D800A6617E /* FLEXImageExplorerViewController.h */ = {isa = PBXFileReference; fileEncoding = 4; lastKnownFileType = sourcecode.c.h; path = FLEXImageExplorerViewController.h; sourceTree = "<group>"; };
		01CE81F8199112D800A6617E /* FLEXImageExplorerViewController.m */ = {isa = PBXFileReference; fileEncoding = 4; lastKnownFileType = sourcecode.c.objc; path = FLEXImageExplorerViewController.m; sourceTree = "<group>"; };
		01CE81F9199112D800A6617E /* FLEXObjectExplorerFactory.h */ = {isa = PBXFileReference; fileEncoding = 4; lastKnownFileType = sourcecode.c.h; path = FLEXObjectExplorerFactory.h; sourceTree = "<group>"; };
		01CE81FA199112D800A6617E /* FLEXObjectExplorerFactory.m */ = {isa = PBXFileReference; fileEncoding = 4; lastKnownFileType = sourcecode.c.objc; path = FLEXObjectExplorerFactory.m; sourceTree = "<group>"; };
		01CE81FB199112D800A6617E /* FLEXObjectExplorerViewController.h */ = {isa = PBXFileReference; fileEncoding = 4; lastKnownFileType = sourcecode.c.h; path = FLEXObjectExplorerViewController.h; sourceTree = "<group>"; };
		01CE81FC199112D800A6617E /* FLEXObjectExplorerViewController.m */ = {isa = PBXFileReference; fileEncoding = 4; lastKnownFileType = sourcecode.c.objc; path = FLEXObjectExplorerViewController.m; sourceTree = "<group>"; };
		01CE81FD199112D800A6617E /* FLEXSetExplorerViewController.h */ = {isa = PBXFileReference; fileEncoding = 4; lastKnownFileType = sourcecode.c.h; path = FLEXSetExplorerViewController.h; sourceTree = "<group>"; };
		01CE81FE199112D800A6617E /* FLEXSetExplorerViewController.m */ = {isa = PBXFileReference; fileEncoding = 4; lastKnownFileType = sourcecode.c.objc; path = FLEXSetExplorerViewController.m; sourceTree = "<group>"; };
		01CE81FF199112D800A6617E /* FLEXViewControllerExplorerViewController.h */ = {isa = PBXFileReference; fileEncoding = 4; lastKnownFileType = sourcecode.c.h; path = FLEXViewControllerExplorerViewController.h; sourceTree = "<group>"; };
		01CE8200199112D800A6617E /* FLEXViewControllerExplorerViewController.m */ = {isa = PBXFileReference; fileEncoding = 4; lastKnownFileType = sourcecode.c.objc; path = FLEXViewControllerExplorerViewController.m; sourceTree = "<group>"; };
		01CE8201199112D800A6617E /* FLEXViewExplorerViewController.h */ = {isa = PBXFileReference; fileEncoding = 4; lastKnownFileType = sourcecode.c.h; path = FLEXViewExplorerViewController.h; sourceTree = "<group>"; };
		01CE8202199112D800A6617E /* FLEXViewExplorerViewController.m */ = {isa = PBXFileReference; fileEncoding = 4; lastKnownFileType = sourcecode.c.objc; path = FLEXViewExplorerViewController.m; sourceTree = "<group>"; };
		01CE8204199112D800A6617E /* FLEXHeapEnumerator.h */ = {isa = PBXFileReference; fileEncoding = 4; lastKnownFileType = sourcecode.c.h; path = FLEXHeapEnumerator.h; sourceTree = "<group>"; };
		01CE8205199112D800A6617E /* FLEXHeapEnumerator.m */ = {isa = PBXFileReference; fileEncoding = 4; lastKnownFileType = sourcecode.c.objc; path = FLEXHeapEnumerator.m; sourceTree = "<group>"; };
		01CE8206199112D800A6617E /* FLEXResources.h */ = {isa = PBXFileReference; fileEncoding = 4; lastKnownFileType = sourcecode.c.h; path = FLEXResources.h; sourceTree = "<group>"; };
		01CE8207199112D800A6617E /* FLEXResources.m */ = {isa = PBXFileReference; fileEncoding = 4; lastKnownFileType = sourcecode.c.objc; path = FLEXResources.m; sourceTree = "<group>"; };
		01CE8208199112D800A6617E /* FLEXRuntimeUtility.h */ = {isa = PBXFileReference; fileEncoding = 4; lastKnownFileType = sourcecode.c.h; path = FLEXRuntimeUtility.h; sourceTree = "<group>"; };
		01CE8209199112D800A6617E /* FLEXRuntimeUtility.m */ = {isa = PBXFileReference; fileEncoding = 4; lastKnownFileType = sourcecode.c.objc; path = FLEXRuntimeUtility.m; sourceTree = "<group>"; };
		01CE820A199112D800A6617E /* FLEXUtility.h */ = {isa = PBXFileReference; fileEncoding = 4; lastKnownFileType = sourcecode.c.h; path = FLEXUtility.h; sourceTree = "<group>"; };
		01CE820B199112D800A6617E /* FLEXUtility.m */ = {isa = PBXFileReference; fileEncoding = 4; lastKnownFileType = sourcecode.c.objc; path = FLEXUtility.m; sourceTree = "<group>"; };
		01CE820D199112D800A6617E /* FLEXHierarchyTableViewCell.h */ = {isa = PBXFileReference; fileEncoding = 4; lastKnownFileType = sourcecode.c.h; path = FLEXHierarchyTableViewCell.h; sourceTree = "<group>"; };
		01CE820E199112D800A6617E /* FLEXHierarchyTableViewCell.m */ = {isa = PBXFileReference; fileEncoding = 4; lastKnownFileType = sourcecode.c.objc; path = FLEXHierarchyTableViewCell.m; sourceTree = "<group>"; };
		01CE820F199112D800A6617E /* FLEXHierarchyTableViewController.h */ = {isa = PBXFileReference; fileEncoding = 4; lastKnownFileType = sourcecode.c.h; path = FLEXHierarchyTableViewController.h; sourceTree = "<group>"; };
		01CE8210199112D800A6617E /* FLEXHierarchyTableViewController.m */ = {isa = PBXFileReference; fileEncoding = 4; lastKnownFileType = sourcecode.c.objc; path = FLEXHierarchyTableViewController.m; sourceTree = "<group>"; };
		01CE8211199112D800A6617E /* FLEXImagePreviewViewController.h */ = {isa = PBXFileReference; fileEncoding = 4; lastKnownFileType = sourcecode.c.h; path = FLEXImagePreviewViewController.h; sourceTree = "<group>"; };
		01CE8212199112D800A6617E /* FLEXImagePreviewViewController.m */ = {isa = PBXFileReference; fileEncoding = 4; lastKnownFileType = sourcecode.c.objc; path = FLEXImagePreviewViewController.m; sourceTree = "<group>"; };
		01D0B59719AB7A00003D6E98 /* Location.h */ = {isa = PBXFileReference; fileEncoding = 4; lastKnownFileType = sourcecode.c.h; path = Location.h; sourceTree = "<group>"; };
		01D0B59819AB7A00003D6E98 /* Location.m */ = {isa = PBXFileReference; fileEncoding = 4; lastKnownFileType = sourcecode.c.objc; path = Location.m; sourceTree = "<group>"; };
		01F018FA1976C1CB002B8314 /* HudView.h */ = {isa = PBXFileReference; fileEncoding = 4; lastKnownFileType = sourcecode.c.h; path = HudView.h; sourceTree = "<group>"; };
		01F018FB1976C1CB002B8314 /* HudView.m */ = {isa = PBXFileReference; fileEncoding = 4; lastKnownFileType = sourcecode.c.objc; path = HudView.m; sourceTree = "<group>"; };
		01F8FE1119A242C700FB231B /* CoreData.framework */ = {isa = PBXFileReference; lastKnownFileType = wrapper.framework; name = CoreData.framework; path = System/Library/Frameworks/CoreData.framework; sourceTree = SDKROOT; };
		01F8FE1419A243F000FB231B /* DataModel.xcdatamodel */ = {isa = PBXFileReference; lastKnownFileType = wrapper.xcdatamodel; path = DataModel.xcdatamodel; sourceTree = "<group>"; };
/* End PBXFileReference section */

/* Begin PBXFrameworksBuildPhase section */
		013BA1BA190CED9C0003C9E2 /* Frameworks */ = {
			isa = PBXFrameworksBuildPhase;
			buildActionMask = 2147483647;
			files = (
				01F8FE1219A242C700FB231B /* CoreData.framework in Frameworks */,
				013BA1F9190E3BC10003C9E2 /* CoreLocation.framework in Frameworks */,
				013BA1C3190CED9C0003C9E2 /* CoreGraphics.framework in Frameworks */,
				013BA1C5190CED9C0003C9E2 /* UIKit.framework in Frameworks */,
				013BA1C1190CED9C0003C9E2 /* Foundation.framework in Frameworks */,
			);
			runOnlyForDeploymentPostprocessing = 0;
		};
		013BA1DE190CED9C0003C9E2 /* Frameworks */ = {
			isa = PBXFrameworksBuildPhase;
			buildActionMask = 2147483647;
			files = (
				013BA1E3190CED9C0003C9E2 /* XCTest.framework in Frameworks */,
				013BA1E5190CED9D0003C9E2 /* UIKit.framework in Frameworks */,
				013BA1E4190CED9D0003C9E2 /* Foundation.framework in Frameworks */,
			);
			runOnlyForDeploymentPostprocessing = 0;
		};
/* End PBXFrameworksBuildPhase section */

/* Begin PBXGroup section */
		013BA1B4190CED9C0003C9E2 = {
			isa = PBXGroup;
			children = (
				013BA1C6190CED9C0003C9E2 /* MyLocations */,
				013BA1E8190CED9D0003C9E2 /* MyLocationsTests */,
				013BA1BF190CED9C0003C9E2 /* Frameworks */,
				013BA1BE190CED9C0003C9E2 /* Products */,
			);
			sourceTree = "<group>";
		};
		013BA1BE190CED9C0003C9E2 /* Products */ = {
			isa = PBXGroup;
			children = (
				013BA1BD190CED9C0003C9E2 /* MyLocations.app */,
				013BA1E1190CED9C0003C9E2 /* MyLocationsTests.xctest */,
			);
			name = Products;
			sourceTree = "<group>";
		};
		013BA1BF190CED9C0003C9E2 /* Frameworks */ = {
			isa = PBXGroup;
			children = (
				01F8FE1119A242C700FB231B /* CoreData.framework */,
				013BA1F8190E3BC10003C9E2 /* CoreLocation.framework */,
				013BA1C0190CED9C0003C9E2 /* Foundation.framework */,
				013BA1C2190CED9C0003C9E2 /* CoreGraphics.framework */,
				013BA1C4190CED9C0003C9E2 /* UIKit.framework */,
				013BA1E2190CED9C0003C9E2 /* XCTest.framework */,
			);
			name = Frameworks;
			sourceTree = "<group>";
		};
		013BA1C6190CED9C0003C9E2 /* MyLocations */ = {
			isa = PBXGroup;
			children = (
				01CE824419911A9C00A6617E /* HudView */,
				01CE81A8199112C200A6617E /* FLEX */,
				013BA1CF190CED9C0003C9E2 /* AppDelegate.h */,
				013BA1D0190CED9C0003C9E2 /* AppDelegate.m */,
				013BA1D2190CED9C0003C9E2 /* Main.storyboard */,
				013BA1D5190CED9C0003C9E2 /* CurrentLocationViewController.h */,
				013BA1D6190CED9C0003C9E2 /* CurrentLocationViewController.m */,
				013BA1D8190CED9C0003C9E2 /* SecondViewController.h */,
				013BA1D9190CED9C0003C9E2 /* SecondViewController.m */,
				01BC4850191F970000B08D7D /* LocationDetailsViewController.h */,
				01BC4851191F970000B08D7D /* LocationDetailsViewController.m */,
				0153D32F192EF7C6000841FB /* CategoryPickerViewController.h */,
				0153D330192EF7C6000841FB /* CategoryPickerViewController.m */,
				013BA1DB190CED9C0003C9E2 /* Images.xcassets */,
				013BA1C7190CED9C0003C9E2 /* Supporting Files */,
				01F8FE1319A243F000FB231B /* DataModel.xcdatamodeld */,
				01D0B59719AB7A00003D6E98 /* Location.h */,
				01D0B59819AB7A00003D6E98 /* Location.m */,
			);
			path = MyLocations;
			sourceTree = "<group>";
		};
		013BA1C7190CED9C0003C9E2 /* Supporting Files */ = {
			isa = PBXGroup;
			children = (
				013BA1C8190CED9C0003C9E2 /* MyLocations-Info.plist */,
				013BA1C9190CED9C0003C9E2 /* InfoPlist.strings */,
				013BA1CC190CED9C0003C9E2 /* main.m */,
				013BA1CE190CED9C0003C9E2 /* MyLocations-Prefix.pch */,
			);
			name = "Supporting Files";
			sourceTree = "<group>";
		};
		013BA1E8190CED9D0003C9E2 /* MyLocationsTests */ = {
			isa = PBXGroup;
			children = (
				013BA1EE190CED9D0003C9E2 /* MyLocationsTests.m */,
				013BA1E9190CED9D0003C9E2 /* Supporting Files */,
			);
			path = MyLocationsTests;
			sourceTree = "<group>";
		};
		013BA1E9190CED9D0003C9E2 /* Supporting Files */ = {
			isa = PBXGroup;
			children = (
				013BA1EA190CED9D0003C9E2 /* MyLocationsTests-Info.plist */,
				013BA1EB190CED9D0003C9E2 /* InfoPlist.strings */,
			);
			name = "Supporting Files";
			sourceTree = "<group>";
		};
		01CE81A8199112C200A6617E /* FLEX */ = {
			isa = PBXGroup;
			children = (
				01CE81A9199112D800A6617E /* Editing */,
				01CE81CF199112D800A6617E /* Explorer Toolbar */,
				01CE81DB199112D800A6617E /* Global State Explorers */,
				01CE81EA199112D800A6617E /* Object Explorers */,
				01CE8203199112D800A6617E /* Utility */,
				01CE820C199112D800A6617E /* View Hierarchy */,
			);
			name = FLEX;
			path = ..;
			sourceTree = "<group>";
		};
		01CE81A9199112D800A6617E /* Editing */ = {
			isa = PBXGroup;
			children = (
				01CE81AA199112D800A6617E /* Argument Input Views */,
				01CE81C3199112D800A6617E /* FLEXDefaultEditorViewController.h */,
				01CE81C4199112D800A6617E /* FLEXDefaultEditorViewController.m */,
				01CE81C5199112D800A6617E /* FLEXFieldEditorView.h */,
				01CE81C6199112D800A6617E /* FLEXFieldEditorView.m */,
				01CE81C7199112D800A6617E /* FLEXFieldEditorViewController.h */,
				01CE81C8199112D800A6617E /* FLEXFieldEditorViewController.m */,
				01CE81C9199112D800A6617E /* FLEXIvarEditorViewController.h */,
				01CE81CA199112D800A6617E /* FLEXIvarEditorViewController.m */,
				01CE81CB199112D800A6617E /* FLEXMethodCallingViewController.h */,
				01CE81CC199112D800A6617E /* FLEXMethodCallingViewController.m */,
				01CE81CD199112D800A6617E /* FLEXPropertyEditorViewController.h */,
				01CE81CE199112D800A6617E /* FLEXPropertyEditorViewController.m */,
			);
			path = Editing;
			sourceTree = "<group>";
		};
		01CE81AA199112D800A6617E /* Argument Input Views */ = {
			isa = PBXGroup;
			children = (
				01CE81AB199112D800A6617E /* FLEXArgumentInputColorView.h */,
				01CE81AC199112D800A6617E /* FLEXArgumentInputColorView.m */,
				01CE81AD199112D800A6617E /* FLEXArgumentInputFontsPickerView.h */,
				01CE81AE199112D800A6617E /* FLEXArgumentInputFontsPickerView.m */,
				01CE81AF199112D800A6617E /* FLEXArgumentInputFontView.h */,
				01CE81B0199112D800A6617E /* FLEXArgumentInputFontView.m */,
				01CE81B1199112D800A6617E /* FLEXArgumentInputJSONObjectView.h */,
				01CE81B2199112D800A6617E /* FLEXArgumentInputJSONObjectView.m */,
				01CE81B3199112D800A6617E /* FLEXArgumentInputNotSupportedView.h */,
				01CE81B4199112D800A6617E /* FLEXArgumentInputNotSupportedView.m */,
				01CE81B5199112D800A6617E /* FLEXArgumentInputNumberView.h */,
				01CE81B6199112D800A6617E /* FLEXArgumentInputNumberView.m */,
				01CE81B7199112D800A6617E /* FLEXArgumentInputStringView.h */,
				01CE81B8199112D800A6617E /* FLEXArgumentInputStringView.m */,
				01CE81B9199112D800A6617E /* FLEXArgumentInputStructView.h */,
				01CE81BA199112D800A6617E /* FLEXArgumentInputStructView.m */,
				01CE81BB199112D800A6617E /* FLEXArgumentInputSwitchView.h */,
				01CE81BC199112D800A6617E /* FLEXArgumentInputSwitchView.m */,
				01CE81BD199112D800A6617E /* FLEXArgumentInputTextView.h */,
				01CE81BE199112D800A6617E /* FLEXArgumentInputTextView.m */,
				01CE81BF199112D800A6617E /* FLEXArgumentInputView.h */,
				01CE81C0199112D800A6617E /* FLEXArgumentInputView.m */,
				01CE81C1199112D800A6617E /* FLEXArgumentInputViewFactory.h */,
				01CE81C2199112D800A6617E /* FLEXArgumentInputViewFactory.m */,
			);
			path = "Argument Input Views";
			sourceTree = "<group>";
		};
		01CE81CF199112D800A6617E /* Explorer Toolbar */ = {
			isa = PBXGroup;
			children = (
				01CE81D0199112D800A6617E /* FLEXExplorerToolbar.h */,
				01CE81D1199112D800A6617E /* FLEXExplorerToolbar.m */,
				01CE81D2199112D800A6617E /* FLEXExplorerViewController.h */,
				01CE81D3199112D800A6617E /* FLEXExplorerViewController.m */,
				01CE81D4199112D800A6617E /* FLEXManager+Private.h */,
				01CE81D5199112D800A6617E /* FLEXManager.h */,
				01CE81D6199112D800A6617E /* FLEXManager.m */,
				01CE81D7199112D800A6617E /* FLEXToolbarItem.h */,
				01CE81D8199112D800A6617E /* FLEXToolbarItem.m */,
				01CE81D9199112D800A6617E /* FLEXWindow.h */,
				01CE81DA199112D800A6617E /* FLEXWindow.m */,
			);
			path = "Explorer Toolbar";
			sourceTree = "<group>";
		};
		01CE81DB199112D800A6617E /* Global State Explorers */ = {
			isa = PBXGroup;
			children = (
				01CE81DC199112D800A6617E /* FLEXClassesTableViewController.h */,
				01CE81DD199112D800A6617E /* FLEXClassesTableViewController.m */,
				01CE81DE199112D800A6617E /* FLEXFileBrowserTableViewController.h */,
				01CE81DF199112D800A6617E /* FLEXFileBrowserTableViewController.m */,
				01CE81E0199112D800A6617E /* FLEXGlobalsTableViewController.h */,
				01CE81E1199112D800A6617E /* FLEXGlobalsTableViewController.m */,
				01CE81E2199112D800A6617E /* FLEXInstancesTableViewController.h */,
				01CE81E3199112D800A6617E /* FLEXInstancesTableViewController.m */,
				01CE81E4199112D800A6617E /* FLEXLibrariesTableViewController.h */,
				01CE81E5199112D800A6617E /* FLEXLibrariesTableViewController.m */,
				01CE81E6199112D800A6617E /* FLEXLiveObjectsTableViewController.h */,
				01CE81E7199112D800A6617E /* FLEXLiveObjectsTableViewController.m */,
				01CE81E8199112D800A6617E /* FLEXWebViewController.h */,
				01CE81E9199112D800A6617E /* FLEXWebViewController.m */,
			);
			path = "Global State Explorers";
			sourceTree = "<group>";
		};
		01CE81EA199112D800A6617E /* Object Explorers */ = {
			isa = PBXGroup;
			children = (
				01CE81EB199112D800A6617E /* FLEXArrayExplorerViewController.h */,
				01CE81EC199112D800A6617E /* FLEXArrayExplorerViewController.m */,
				01CE81ED199112D800A6617E /* FLEXClassExplorerViewController.h */,
				01CE81EE199112D800A6617E /* FLEXClassExplorerViewController.m */,
				01CE81EF199112D800A6617E /* FLEXDefaultsExplorerViewController.h */,
				01CE81F0199112D800A6617E /* FLEXDefaultsExplorerViewController.m */,
				01CE81F1199112D800A6617E /* FLEXDescriptionTableViewCell.h */,
				01CE81F2199112D800A6617E /* FLEXDescriptionTableViewCell.m */,
				01CE81F3199112D800A6617E /* FLEXDictionaryExplorerViewController.h */,
				01CE81F4199112D800A6617E /* FLEXDictionaryExplorerViewController.m */,
				01CE81F5199112D800A6617E /* FLEXGlobalsTableViewControllerEntry.h */,
				01CE81F6199112D800A6617E /* FLEXGlobalsTableViewControllerEntry.m */,
				01CE81F7199112D800A6617E /* FLEXImageExplorerViewController.h */,
				01CE81F8199112D800A6617E /* FLEXImageExplorerViewController.m */,
				01CE81F9199112D800A6617E /* FLEXObjectExplorerFactory.h */,
				01CE81FA199112D800A6617E /* FLEXObjectExplorerFactory.m */,
				01CE81FB199112D800A6617E /* FLEXObjectExplorerViewController.h */,
				01CE81FC199112D800A6617E /* FLEXObjectExplorerViewController.m */,
				01CE81FD199112D800A6617E /* FLEXSetExplorerViewController.h */,
				01CE81FE199112D800A6617E /* FLEXSetExplorerViewController.m */,
				01CE81FF199112D800A6617E /* FLEXViewControllerExplorerViewController.h */,
				01CE8200199112D800A6617E /* FLEXViewControllerExplorerViewController.m */,
				01CE8201199112D800A6617E /* FLEXViewExplorerViewController.h */,
				01CE8202199112D800A6617E /* FLEXViewExplorerViewController.m */,
			);
			path = "Object Explorers";
			sourceTree = "<group>";
		};
		01CE8203199112D800A6617E /* Utility */ = {
			isa = PBXGroup;
			children = (
				01CE8204199112D800A6617E /* FLEXHeapEnumerator.h */,
				01CE8205199112D800A6617E /* FLEXHeapEnumerator.m */,
				01CE8206199112D800A6617E /* FLEXResources.h */,
				01CE8207199112D800A6617E /* FLEXResources.m */,
				01CE8208199112D800A6617E /* FLEXRuntimeUtility.h */,
				01CE8209199112D800A6617E /* FLEXRuntimeUtility.m */,
				01CE820A199112D800A6617E /* FLEXUtility.h */,
				01CE820B199112D800A6617E /* FLEXUtility.m */,
			);
			path = Utility;
			sourceTree = "<group>";
		};
		01CE820C199112D800A6617E /* View Hierarchy */ = {
			isa = PBXGroup;
			children = (
				01CE820D199112D800A6617E /* FLEXHierarchyTableViewCell.h */,
				01CE820E199112D800A6617E /* FLEXHierarchyTableViewCell.m */,
				01CE820F199112D800A6617E /* FLEXHierarchyTableViewController.h */,
				01CE8210199112D800A6617E /* FLEXHierarchyTableViewController.m */,
				01CE8211199112D800A6617E /* FLEXImagePreviewViewController.h */,
				01CE8212199112D800A6617E /* FLEXImagePreviewViewController.m */,
			);
			path = "View Hierarchy";
			sourceTree = "<group>";
		};
		01CE824419911A9C00A6617E /* HudView */ = {
			isa = PBXGroup;
			children = (
				01F018FA1976C1CB002B8314 /* HudView.h */,
				01F018FB1976C1CB002B8314 /* HudView.m */,
			);
			name = HudView;
			path = ..;
			sourceTree = "<group>";
		};
/* End PBXGroup section */

/* Begin PBXNativeTarget section */
		013BA1BC190CED9C0003C9E2 /* MyLocations */ = {
			isa = PBXNativeTarget;
			buildConfigurationList = 013BA1F2190CED9D0003C9E2 /* Build configuration list for PBXNativeTarget "MyLocations" */;
			buildPhases = (
				013BA1B9190CED9C0003C9E2 /* Sources */,
				013BA1BA190CED9C0003C9E2 /* Frameworks */,
				013BA1BB190CED9C0003C9E2 /* Resources */,
			);
			buildRules = (
			);
			dependencies = (
			);
			name = MyLocations;
			productName = MyLocations;
			productReference = 013BA1BD190CED9C0003C9E2 /* MyLocations.app */;
			productType = "com.apple.product-type.application";
		};
		013BA1E0190CED9C0003C9E2 /* MyLocationsTests */ = {
			isa = PBXNativeTarget;
			buildConfigurationList = 013BA1F5190CED9D0003C9E2 /* Build configuration list for PBXNativeTarget "MyLocationsTests" */;
			buildPhases = (
				013BA1DD190CED9C0003C9E2 /* Sources */,
				013BA1DE190CED9C0003C9E2 /* Frameworks */,
				013BA1DF190CED9C0003C9E2 /* Resources */,
			);
			buildRules = (
			);
			dependencies = (
				013BA1E7190CED9D0003C9E2 /* PBXTargetDependency */,
			);
			name = MyLocationsTests;
			productName = MyLocationsTests;
			productReference = 013BA1E1190CED9C0003C9E2 /* MyLocationsTests.xctest */;
			productType = "com.apple.product-type.bundle.unit-test";
		};
/* End PBXNativeTarget section */

/* Begin PBXProject section */
		013BA1B5190CED9C0003C9E2 /* Project object */ = {
			isa = PBXProject;
			attributes = {
				LastUpgradeCheck = 0510;
				ORGANIZATIONNAME = jfl913;
				TargetAttributes = {
					013BA1BC190CED9C0003C9E2 = {
						DevelopmentTeam = RUL584JQBV;
					};
					013BA1E0190CED9C0003C9E2 = {
						TestTargetID = 013BA1BC190CED9C0003C9E2;
					};
				};
			};
			buildConfigurationList = 013BA1B8190CED9C0003C9E2 /* Build configuration list for PBXProject "MyLocations" */;
			compatibilityVersion = "Xcode 3.2";
			developmentRegion = English;
			hasScannedForEncodings = 0;
			knownRegions = (
				en,
				Base,
			);
			mainGroup = 013BA1B4190CED9C0003C9E2;
			productRefGroup = 013BA1BE190CED9C0003C9E2 /* Products */;
			projectDirPath = "";
			projectRoot = "";
			targets = (
				013BA1BC190CED9C0003C9E2 /* MyLocations */,
				013BA1E0190CED9C0003C9E2 /* MyLocationsTests */,
			);
		};
/* End PBXProject section */

/* Begin PBXResourcesBuildPhase section */
		013BA1BB190CED9C0003C9E2 /* Resources */ = {
			isa = PBXResourcesBuildPhase;
			buildActionMask = 2147483647;
			files = (
				013BA1DC190CED9C0003C9E2 /* Images.xcassets in Resources */,
				013BA1CB190CED9C0003C9E2 /* InfoPlist.strings in Resources */,
				013BA1D4190CED9C0003C9E2 /* Main.storyboard in Resources */,
			);
			runOnlyForDeploymentPostprocessing = 0;
		};
		013BA1DF190CED9C0003C9E2 /* Resources */ = {
			isa = PBXResourcesBuildPhase;
			buildActionMask = 2147483647;
			files = (
				013BA1ED190CED9D0003C9E2 /* InfoPlist.strings in Resources */,
			);
			runOnlyForDeploymentPostprocessing = 0;
		};
/* End PBXResourcesBuildPhase section */

/* Begin PBXSourcesBuildPhase section */
		013BA1B9190CED9C0003C9E2 /* Sources */ = {
			isa = PBXSourcesBuildPhase;
			buildActionMask = 2147483647;
			files = (
				01CE823D199112D800A6617E /* FLEXHeapEnumerator.m in Sources */,
				013BA1DA190CED9C0003C9E2 /* SecondViewController.m in Sources */,
				01CE8242199112D800A6617E /* FLEXHierarchyTableViewController.m in Sources */,
				01CE8214199112D800A6617E /* FLEXArgumentInputFontsPickerView.m in Sources */,
				01CE8227199112D800A6617E /* FLEXManager.m in Sources */,
				01CE8215199112D800A6617E /* FLEXArgumentInputFontView.m in Sources */,
				01CE821A199112D800A6617E /* FLEXArgumentInputStructView.m in Sources */,
				01CE823F199112D800A6617E /* FLEXRuntimeUtility.m in Sources */,
				01CE8228199112D800A6617E /* FLEXToolbarItem.m in Sources */,
				013BA1D1190CED9C0003C9E2 /* AppDelegate.m in Sources */,
				01CE822D199112D800A6617E /* FLEXInstancesTableViewController.m in Sources */,
				01CE822E199112D800A6617E /* FLEXLibrariesTableViewController.m in Sources */,
				01CE822A199112D800A6617E /* FLEXClassesTableViewController.m in Sources */,
				01CE8225199112D800A6617E /* FLEXExplorerToolbar.m in Sources */,
				01CE822B199112D800A6617E /* FLEXFileBrowserTableViewController.m in Sources */,
				01CE8229199112D800A6617E /* FLEXWindow.m in Sources */,
				013BA1D7190CED9C0003C9E2 /* CurrentLocationViewController.m in Sources */,
				01CE8241199112D800A6617E /* FLEXHierarchyTableViewCell.m in Sources */,
				01CE823C199112D800A6617E /* FLEXViewExplorerViewController.m in Sources */,
				01CE8232199112D800A6617E /* FLEXClassExplorerViewController.m in Sources */,
				01CE8218199112D800A6617E /* FLEXArgumentInputNumberView.m in Sources */,
				01CE8235199112D800A6617E /* FLEXDictionaryExplorerViewController.m in Sources */,
				01CE8240199112D800A6617E /* FLEXUtility.m in Sources */,
				01CE821B199112D800A6617E /* FLEXArgumentInputSwitchView.m in Sources */,
				01CE823A199112D800A6617E /* FLEXSetExplorerViewController.m in Sources */,
				01CE8219199112D800A6617E /* FLEXArgumentInputStringView.m in Sources */,
				01D0B59919AB7A00003D6E98 /* Location.m in Sources */,
				01CE8239199112D800A6617E /* FLEXObjectExplorerViewController.m in Sources */,
				01CE821E199112D800A6617E /* FLEXArgumentInputViewFactory.m in Sources */,
				01CE821F199112D800A6617E /* FLEXDefaultEditorViewController.m in Sources */,
				01CE8216199112D800A6617E /* FLEXArgumentInputJSONObjectView.m in Sources */,
				01CE823E199112D800A6617E /* FLEXResources.m in Sources */,
				01CE8237199112D800A6617E /* FLEXImageExplorerViewController.m in Sources */,
				01CE8236199112D800A6617E /* FLEXGlobalsTableViewControllerEntry.m in Sources */,
				01F8FE1519A243F000FB231B /* DataModel.xcdatamodeld in Sources */,
				01CE8222199112D800A6617E /* FLEXIvarEditorViewController.m in Sources */,
				01CE8220199112D800A6617E /* FLEXFieldEditorView.m in Sources */,
				01CE8217199112D800A6617E /* FLEXArgumentInputNotSupportedView.m in Sources */,
				01CE8226199112D800A6617E /* FLEXExplorerViewController.m in Sources */,
				01CE8213199112D800A6617E /* FLEXArgumentInputColorView.m in Sources */,
				01CE8238199112D800A6617E /* FLEXObjectExplorerFactory.m in Sources */,
				01CE821C199112D800A6617E /* FLEXArgumentInputTextView.m in Sources */,
				01CE821D199112D800A6617E /* FLEXArgumentInputView.m in Sources */,
				01CE8230199112D800A6617E /* FLEXWebViewController.m in Sources */,
				01CE823B199112D800A6617E /* FLEXViewControllerExplorerViewController.m in Sources */,
				013BA1CD190CED9C0003C9E2 /* main.m in Sources */,
				01CE8233199112D800A6617E /* FLEXDefaultsExplorerViewController.m in Sources */,
				01F018FC1976C1CB002B8314 /* HudView.m in Sources */,
				01CE8221199112D800A6617E /* FLEXFieldEditorViewController.m in Sources */,
				0153D331192EF7C6000841FB /* CategoryPickerViewController.m in Sources */,
				01CE8231199112D800A6617E /* FLEXArrayExplorerViewController.m in Sources */,
				01CE822F199112D800A6617E /* FLEXLiveObjectsTableViewController.m in Sources */,
				01CE822C199112D800A6617E /* FLEXGlobalsTableViewController.m in Sources */,
				01BC4852191F970000B08D7D /* LocationDetailsViewController.m in Sources */,
				01CE8243199112D800A6617E /* FLEXImagePreviewViewController.m in Sources */,
				01CE8223199112D800A6617E /* FLEXMethodCallingViewController.m in Sources */,
				01CE8224199112D800A6617E /* FLEXPropertyEditorViewController.m in Sources */,
				01CE8234199112D800A6617E /* FLEXDescriptionTableViewCell.m in Sources */,
			);
			runOnlyForDeploymentPostprocessing = 0;
		};
		013BA1DD190CED9C0003C9E2 /* Sources */ = {
			isa = PBXSourcesBuildPhase;
			buildActionMask = 2147483647;
			files = (
				013BA1EF190CED9D0003C9E2 /* MyLocationsTests.m in Sources */,
			);
			runOnlyForDeploymentPostprocessing = 0;
		};
/* End PBXSourcesBuildPhase section */

/* Begin PBXTargetDependency section */
		013BA1E7190CED9D0003C9E2 /* PBXTargetDependency */ = {
			isa = PBXTargetDependency;
			target = 013BA1BC190CED9C0003C9E2 /* MyLocations */;
			targetProxy = 013BA1E6190CED9D0003C9E2 /* PBXContainerItemProxy */;
		};
/* End PBXTargetDependency section */

/* Begin PBXVariantGroup section */
		013BA1C9190CED9C0003C9E2 /* InfoPlist.strings */ = {
			isa = PBXVariantGroup;
			children = (
				013BA1CA190CED9C0003C9E2 /* en */,
			);
			name = InfoPlist.strings;
			sourceTree = "<group>";
		};
		013BA1D2190CED9C0003C9E2 /* Main.storyboard */ = {
			isa = PBXVariantGroup;
			children = (
				013BA1D3190CED9C0003C9E2 /* Base */,
			);
			name = Main.storyboard;
			sourceTree = "<group>";
		};
		013BA1EB190CED9D0003C9E2 /* InfoPlist.strings */ = {
			isa = PBXVariantGroup;
			children = (
				013BA1EC190CED9D0003C9E2 /* en */,
			);
			name = InfoPlist.strings;
			sourceTree = "<group>";
		};
/* End PBXVariantGroup section */

/* Begin XCBuildConfiguration section */
		013BA1F0190CED9D0003C9E2 /* Debug */ = {
			isa = XCBuildConfiguration;
			buildSettings = {
				ALWAYS_SEARCH_USER_PATHS = NO;
				CLANG_CXX_LANGUAGE_STANDARD = "gnu++0x";
				CLANG_CXX_LIBRARY = "libc++";
				CLANG_ENABLE_MODULES = YES;
				CLANG_ENABLE_OBJC_ARC = YES;
				CLANG_WARN_BOOL_CONVERSION = YES;
				CLANG_WARN_CONSTANT_CONVERSION = YES;
				CLANG_WARN_DIRECT_OBJC_ISA_USAGE = YES_ERROR;
				CLANG_WARN_EMPTY_BODY = YES;
				CLANG_WARN_ENUM_CONVERSION = YES;
				CLANG_WARN_INT_CONVERSION = YES;
				CLANG_WARN_OBJC_ROOT_CLASS = YES_ERROR;
				CLANG_WARN__DUPLICATE_METHOD_MATCH = YES;
				"CODE_SIGN_IDENTITY[sdk=iphoneos*]" = "iPhone Developer";
				COPY_PHASE_STRIP = NO;
				GCC_C_LANGUAGE_STANDARD = gnu99;
				GCC_DYNAMIC_NO_PIC = NO;
				GCC_OPTIMIZATION_LEVEL = 0;
				GCC_PREPROCESSOR_DEFINITIONS = (
					"DEBUG=1",
					"$(inherited)",
				);
				GCC_SYMBOLS_PRIVATE_EXTERN = NO;
				GCC_WARN_64_TO_32_BIT_CONVERSION = YES;
				GCC_WARN_ABOUT_RETURN_TYPE = YES_ERROR;
				GCC_WARN_UNDECLARED_SELECTOR = YES;
				GCC_WARN_UNINITIALIZED_AUTOS = YES_AGGRESSIVE;
				GCC_WARN_UNUSED_FUNCTION = YES;
				GCC_WARN_UNUSED_VARIABLE = YES;
				IPHONEOS_DEPLOYMENT_TARGET = 7.1;
				ONLY_ACTIVE_ARCH = YES;
				SDKROOT = iphoneos;
			};
			name = Debug;
		};
		013BA1F1190CED9D0003C9E2 /* Release */ = {
			isa = XCBuildConfiguration;
			buildSettings = {
				ALWAYS_SEARCH_USER_PATHS = NO;
				CLANG_CXX_LANGUAGE_STANDARD = "gnu++0x";
				CLANG_CXX_LIBRARY = "libc++";
				CLANG_ENABLE_MODULES = YES;
				CLANG_ENABLE_OBJC_ARC = YES;
				CLANG_WARN_BOOL_CONVERSION = YES;
				CLANG_WARN_CONSTANT_CONVERSION = YES;
				CLANG_WARN_DIRECT_OBJC_ISA_USAGE = YES_ERROR;
				CLANG_WARN_EMPTY_BODY = YES;
				CLANG_WARN_ENUM_CONVERSION = YES;
				CLANG_WARN_INT_CONVERSION = YES;
				CLANG_WARN_OBJC_ROOT_CLASS = YES_ERROR;
				CLANG_WARN__DUPLICATE_METHOD_MATCH = YES;
				"CODE_SIGN_IDENTITY[sdk=iphoneos*]" = "iPhone Developer";
				COPY_PHASE_STRIP = YES;
				ENABLE_NS_ASSERTIONS = NO;
				GCC_C_LANGUAGE_STANDARD = gnu99;
				GCC_WARN_64_TO_32_BIT_CONVERSION = YES;
				GCC_WARN_ABOUT_RETURN_TYPE = YES_ERROR;
				GCC_WARN_UNDECLARED_SELECTOR = YES;
				GCC_WARN_UNINITIALIZED_AUTOS = YES_AGGRESSIVE;
				GCC_WARN_UNUSED_FUNCTION = YES;
				GCC_WARN_UNUSED_VARIABLE = YES;
				IPHONEOS_DEPLOYMENT_TARGET = 7.1;
				SDKROOT = iphoneos;
				VALIDATE_PRODUCT = YES;
			};
			name = Release;
		};
		013BA1F3190CED9D0003C9E2 /* Debug */ = {
			isa = XCBuildConfiguration;
			buildSettings = {
				ASSETCATALOG_COMPILER_APPICON_NAME = AppIcon;
				ASSETCATALOG_COMPILER_LAUNCHIMAGE_NAME = LaunchImage;
				CODE_SIGN_IDENTITY = "iPhone Developer";
				"CODE_SIGN_IDENTITY[sdk=iphoneos*]" = "iPhone Developer";
				GCC_PRECOMPILE_PREFIX_HEADER = YES;
				GCC_PREFIX_HEADER = "MyLocations/MyLocations-Prefix.pch";
				INFOPLIST_FILE = "MyLocations/MyLocations-Info.plist";
				PRODUCT_NAME = "$(TARGET_NAME)";
				PROVISIONING_PROFILE = "";
				WRAPPER_EXTENSION = app;
			};
			name = Debug;
		};
		013BA1F4190CED9D0003C9E2 /* Release */ = {
			isa = XCBuildConfiguration;
			buildSettings = {
				ASSETCATALOG_COMPILER_APPICON_NAME = AppIcon;
				ASSETCATALOG_COMPILER_LAUNCHIMAGE_NAME = LaunchImage;
				CODE_SIGN_IDENTITY = "iPhone Developer";
				"CODE_SIGN_IDENTITY[sdk=iphoneos*]" = "iPhone Developer";
				GCC_PRECOMPILE_PREFIX_HEADER = YES;
				GCC_PREFIX_HEADER = "MyLocations/MyLocations-Prefix.pch";
				INFOPLIST_FILE = "MyLocations/MyLocations-Info.plist";
				PRODUCT_NAME = "$(TARGET_NAME)";
				PROVISIONING_PROFILE = "";
				WRAPPER_EXTENSION = app;
			};
			name = Release;
		};
		013BA1F6190CED9D0003C9E2 /* Debug */ = {
			isa = XCBuildConfiguration;
			buildSettings = {
				BUNDLE_LOADER = "$(BUILT_PRODUCTS_DIR)/MyLocations.app/MyLocations";
				FRAMEWORK_SEARCH_PATHS = (
					"$(SDKROOT)/Developer/Library/Frameworks",
					"$(inherited)",
					"$(DEVELOPER_FRAMEWORKS_DIR)",
				);
				GCC_PRECOMPILE_PREFIX_HEADER = YES;
				GCC_PREFIX_HEADER = "MyLocations/MyLocations-Prefix.pch";
				GCC_PREPROCESSOR_DEFINITIONS = (
					"DEBUG=1",
					"$(inherited)",
				);
				INFOPLIST_FILE = "MyLocationsTests/MyLocationsTests-Info.plist";
				PRODUCT_NAME = "$(TARGET_NAME)";
				TEST_HOST = "$(BUNDLE_LOADER)";
				WRAPPER_EXTENSION = xctest;
			};
			name = Debug;
		};
		013BA1F7190CED9D0003C9E2 /* Release */ = {
			isa = XCBuildConfiguration;
			buildSettings = {
				BUNDLE_LOADER = "$(BUILT_PRODUCTS_DIR)/MyLocations.app/MyLocations";
				FRAMEWORK_SEARCH_PATHS = (
					"$(SDKROOT)/Developer/Library/Frameworks",
					"$(inherited)",
					"$(DEVELOPER_FRAMEWORKS_DIR)",
				);
				GCC_PRECOMPILE_PREFIX_HEADER = YES;
				GCC_PREFIX_HEADER = "MyLocations/MyLocations-Prefix.pch";
				INFOPLIST_FILE = "MyLocationsTests/MyLocationsTests-Info.plist";
				PRODUCT_NAME = "$(TARGET_NAME)";
				TEST_HOST = "$(BUNDLE_LOADER)";
				WRAPPER_EXTENSION = xctest;
			};
			name = Release;
		};
/* End XCBuildConfiguration section */

/* Begin XCConfigurationList section */
		013BA1B8190CED9C0003C9E2 /* Build configuration list for PBXProject "MyLocations" */ = {
			isa = XCConfigurationList;
			buildConfigurations = (
				013BA1F0190CED9D0003C9E2 /* Debug */,
				013BA1F1190CED9D0003C9E2 /* Release */,
			);
			defaultConfigurationIsVisible = 0;
			defaultConfigurationName = Release;
		};
		013BA1F2190CED9D0003C9E2 /* Build configuration list for PBXNativeTarget "MyLocations" */ = {
			isa = XCConfigurationList;
			buildConfigurations = (
				013BA1F3190CED9D0003C9E2 /* Debug */,
				013BA1F4190CED9D0003C9E2 /* Release */,
			);
			defaultConfigurationIsVisible = 0;
			defaultConfigurationName = Release;
		};
		013BA1F5190CED9D0003C9E2 /* Build configuration list for PBXNativeTarget "MyLocationsTests" */ = {
			isa = XCConfigurationList;
			buildConfigurations = (
				013BA1F6190CED9D0003C9E2 /* Debug */,
				013BA1F7190CED9D0003C9E2 /* Release */,
			);
			defaultConfigurationIsVisible = 0;
			defaultConfigurationName = Release;
		};
/* End XCConfigurationList section */

/* Begin XCVersionGroup section */
		01F8FE1319A243F000FB231B /* DataModel.xcdatamodeld */ = {
			isa = XCVersionGroup;
			children = (
				01F8FE1419A243F000FB231B /* DataModel.xcdatamodel */,
			);
			currentVersion = 01F8FE1419A243F000FB231B /* DataModel.xcdatamodel */;
			path = DataModel.xcdatamodeld;
			sourceTree = "<group>";
			versionGroupType = wrapper.xcdatamodel;
		};
/* End XCVersionGroup section */
	};
	rootObject = 013BA1B5190CED9C0003C9E2 /* Project object */;
}
